
Microsoft Visual Studio Solution File, Format Version 12.00
# Visual Studio Version 17
VisualStudioVersion = 17.7.34031.279
MinimumVisualStudioVersion = 10.0.40219.1
Project("{FAE04EC0-301F-11D3-BF4B-00C04F79EFBC}") = "NEU_Restaurant", "NEU_Restaurant\NEU_Restaurant.csproj", "{06DE09AF-A1FD-4B75-B27F-D20F7D6AD1FE}"
EndProject
Project("{FAE04EC0-301F-11D3-BF4B-00C04F79EFBC}") = "NEU_Restaurant.Web", "NEU_Restaurant.Web\NEU_Restaurant.Web.csproj", "{6106E6F1-CC3F-4AED-9CFC-483346005E74}"
EndProject
Project("{FAE04EC0-301F-11D3-BF4B-00C04F79EFBC}") = "NEU_Restaurant.Library", "NEU_Restaurant.Library\NEU_Restaurant.Library.csproj", "{C05DA411-6103-4902-9237-0400EF111DFB}"
EndProject
Project("{FAE04EC0-301F-11D3-BF4B-00C04F79EFBC}") = "NEU_Restaurant.UnitTest", "NEU_Restaurant.UnitTest\NEU_Restaurant.UnitTest.csproj", "{218B5339-52C0-4C19-99F0-A37D930DAA60}"
EndProject
Global
	GlobalSection(SolutionConfigurationPlatforms) = preSolution
		Debug|Any CPU = Debug|Any CPU
		Release|Any CPU = Release|Any CPU
	EndGlobalSection
	GlobalSection(ProjectConfigurationPlatforms) = postSolution
		{06DE09AF-A1FD-4B75-B27F-D20F7D6AD1FE}.Debug|Any CPU.ActiveCfg = Debug|Any CPU
		{06DE09AF-A1FD-4B75-B27F-D20F7D6AD1FE}.Debug|Any CPU.Build.0 = Debug|Any CPU
		{06DE09AF-A1FD-4B75-B27F-D20F7D6AD1FE}.Debug|Any CPU.Deploy.0 = Debug|Any CPU
		{06DE09AF-A1FD-4B75-B27F-D20F7D6AD1FE}.Release|Any CPU.ActiveCfg = Release|Any CPU
		{06DE09AF-A1FD-4B75-B27F-D20F7D6AD1FE}.Release|Any CPU.Build.0 = Release|Any CPU
		{06DE09AF-A1FD-4B75-B27F-D20F7D6AD1FE}.Release|Any CPU.Deploy.0 = Release|Any CPU
		{6106E6F1-CC3F-4AED-9CFC-483346005E74}.Debug|Any CPU.ActiveCfg = Debug|Any CPU
		{6106E6F1-CC3F-4AED-9CFC-483346005E74}.Debug|Any CPU.Build.0 = Debug|Any CPU
		{6106E6F1-CC3F-4AED-9CFC-483346005E74}.Release|Any CPU.ActiveCfg = Release|Any CPU
		{6106E6F1-CC3F-4AED-9CFC-483346005E74}.Release|Any CPU.Build.0 = Release|Any CPU
		{C05DA411-6103-4902-9237-0400EF111DFB}.Debug|Any CPU.ActiveCfg = Debug|Any CPU
		{C05DA411-6103-4902-9237-0400EF111DFB}.Debug|Any CPU.Build.0 = Debug|Any CPU
		{C05DA411-6103-4902-9237-0400EF111DFB}.Release|Any CPU.ActiveCfg = Release|Any CPU
		{C05DA411-6103-4902-9237-0400EF111DFB}.Release|Any CPU.Build.0 = Release|Any CPU
		{218B5339-52C0-4C19-99F0-A37D930DAA60}.Debug|Any CPU.ActiveCfg = Debug|Any CPU
		{218B5339-52C0-4C19-99F0-A37D930DAA60}.Debug|Any CPU.Build.0 = Debug|Any CPU
		{218B5339-52C0-4C19-99F0-A37D930DAA60}.Release|Any CPU.ActiveCfg = Release|Any CPU
		{218B5339-52C0-4C19-99F0-A37D930DAA60}.Release|Any CPU.Build.0 = Release|Any CPU
	EndGlobalSection
	GlobalSection(SolutionProperties) = preSolution
		HideSolutionNode = FALSE
	EndGlobalSection
	GlobalSection(ExtensibilityGlobals) = postSolution
		SolutionGuid = {9501CF39-D0E0-4BCD-9F61-F6DB7849D6DE}
	EndGlobalSection
EndGlobal
